// !$*UTF8*$!
{
	archiveVersion = 1;
	classes = {
	};
	objectVersion = 50;
	objects = {

/* Begin PBXBuildFile section */
		7FECFF1622FEB14F00FC3796 /* AppDelegate.swift in Sources */ = {isa = PBXBuildFile; fileRef = 7FECFF1522FEB14F00FC3796 /* AppDelegate.swift */; };
		7FECFF1822FEB14F00FC3796 /* ViewController.swift in Sources */ = {isa = PBXBuildFile; fileRef = 7FECFF1722FEB14F00FC3796 /* ViewController.swift */; };
		7FECFF1B22FEB14F00FC3796 /* Main.storyboard in Resources */ = {isa = PBXBuildFile; fileRef = 7FECFF1922FEB14F00FC3796 /* Main.storyboard */; };
		7FECFF1D22FEB15000FC3796 /* Assets.xcassets in Resources */ = {isa = PBXBuildFile; fileRef = 7FECFF1C22FEB15000FC3796 /* Assets.xcassets */; };
		7FECFF2022FEB15000FC3796 /* LaunchScreen.storyboard in Resources */ = {isa = PBXBuildFile; fileRef = 7FECFF1E22FEB15000FC3796 /* LaunchScreen.storyboard */; };
		7FECFF2B22FEB15000FC3796 /* Curious_KatieTests.swift in Sources */ = {isa = PBXBuildFile; fileRef = 7FECFF2A22FEB15000FC3796 /* Curious_KatieTests.swift */; };
		7FECFF3622FEB15000FC3796 /* Curious_KatieUITests.swift in Sources */ = {isa = PBXBuildFile; fileRef = 7FECFF3522FEB15000FC3796 /* Curious_KatieUITests.swift */; };
		7FECFF4622FEB1F300FC3796 /* Extension.swift in Sources */ = {isa = PBXBuildFile; fileRef = 7FECFF4522FEB1F300FC3796 /* Extension.swift */; };
		7FECFF4922FEB21C00FC3796 /* Helper.swift in Sources */ = {isa = PBXBuildFile; fileRef = 7FECFF4822FEB21C00FC3796 /* Helper.swift */; };
		7FECFF4C22FEB24A00FC3796 /* Hobby.swift in Sources */ = {isa = PBXBuildFile; fileRef = 7FECFF4B22FEB24A00FC3796 /* Hobby.swift */; };
		7FECFF4E22FEB27500FC3796 /* Person.swift in Sources */ = {isa = PBXBuildFile; fileRef = 7FECFF4D22FEB27500FC3796 /* Person.swift */; };
/* End PBXBuildFile section */

/* Begin PBXContainerItemProxy section */
		7FECFF2722FEB15000FC3796 /* PBXContainerItemProxy */ = {
			isa = PBXContainerItemProxy;
			containerPortal = 7FECFF0A22FEB14F00FC3796 /* Project object */;
			proxyType = 1;
			remoteGlobalIDString = 7FECFF1122FEB14F00FC3796;
			remoteInfo = "Curious Katie";
		};
		7FECFF3222FEB15000FC3796 /* PBXContainerItemProxy */ = {
			isa = PBXContainerItemProxy;
			containerPortal = 7FECFF0A22FEB14F00FC3796 /* Project object */;
			proxyType = 1;
			remoteGlobalIDString = 7FECFF1122FEB14F00FC3796;
			remoteInfo = "Curious Katie";
		};
/* End PBXContainerItemProxy section */

/* Begin PBXFileReference section */
		7FECFF1222FEB14F00FC3796 /* Curious Katie.app */ = {isa = PBXFileReference; explicitFileType = wrapper.application; includeInIndex = 0; path = "Curious Katie.app"; sourceTree = BUILT_PRODUCTS_DIR; };
		7FECFF1522FEB14F00FC3796 /* AppDelegate.swift */ = {isa = PBXFileReference; lastKnownFileType = sourcecode.swift; path = AppDelegate.swift; sourceTree = "<group>"; };
		7FECFF1722FEB14F00FC3796 /* ViewController.swift */ = {isa = PBXFileReference; lastKnownFileType = sourcecode.swift; path = ViewController.swift; sourceTree = "<group>"; };
		7FECFF1A22FEB14F00FC3796 /* Base */ = {isa = PBXFileReference; lastKnownFileType = file.storyboard; name = Base; path = Base.lproj/Main.storyboard; sourceTree = "<group>"; };
		7FECFF1C22FEB15000FC3796 /* Assets.xcassets */ = {isa = PBXFileReference; lastKnownFileType = folder.assetcatalog; path = Assets.xcassets; sourceTree = "<group>"; };
		7FECFF1F22FEB15000FC3796 /* Base */ = {isa = PBXFileReference; lastKnownFileType = file.storyboard; name = Base; path = Base.lproj/LaunchScreen.storyboard; sourceTree = "<group>"; };
		7FECFF2122FEB15000FC3796 /* Info.plist */ = {isa = PBXFileReference; lastKnownFileType = text.plist.xml; path = Info.plist; sourceTree = "<group>"; };
		7FECFF2622FEB15000FC3796 /* Curious KatieTests.xctest */ = {isa = PBXFileReference; explicitFileType = wrapper.cfbundle; includeInIndex = 0; path = "Curious KatieTests.xctest"; sourceTree = BUILT_PRODUCTS_DIR; };
		7FECFF2A22FEB15000FC3796 /* Curious_KatieTests.swift */ = {isa = PBXFileReference; lastKnownFileType = sourcecode.swift; path = Curious_KatieTests.swift; sourceTree = "<group>"; };
		7FECFF2C22FEB15000FC3796 /* Info.plist */ = {isa = PBXFileReference; lastKnownFileType = text.plist.xml; path = Info.plist; sourceTree = "<group>"; };
		7FECFF3122FEB15000FC3796 /* Curious KatieUITests.xctest */ = {isa = PBXFileReference; explicitFileType = wrapper.cfbundle; includeInIndex = 0; path = "Curious KatieUITests.xctest"; sourceTree = BUILT_PRODUCTS_DIR; };
		7FECFF3522FEB15000FC3796 /* Curious_KatieUITests.swift */ = {isa = PBXFileReference; lastKnownFileType = sourcecode.swift; path = Curious_KatieUITests.swift; sourceTree = "<group>"; };
		7FECFF3722FEB15000FC3796 /* Info.plist */ = {isa = PBXFileReference; lastKnownFileType = text.plist.xml; path = Info.plist; sourceTree = "<group>"; };
		7FECFF4522FEB1F300FC3796 /* Extension.swift */ = {isa = PBXFileReference; lastKnownFileType = sourcecode.swift; path = Extension.swift; sourceTree = "<group>"; };
		7FECFF4822FEB21C00FC3796 /* Helper.swift */ = {isa = PBXFileReference; lastKnownFileType = sourcecode.swift; path = Helper.swift; sourceTree = "<group>"; };
		7FECFF4B22FEB24A00FC3796 /* Hobby.swift */ = {isa = PBXFileReference; lastKnownFileType = sourcecode.swift; path = Hobby.swift; sourceTree = "<group>"; };
		7FECFF4D22FEB27500FC3796 /* Person.swift */ = {isa = PBXFileReference; lastKnownFileType = sourcecode.swift; path = Person.swift; sourceTree = "<group>"; };
/* End PBXFileReference section */

/* Begin PBXFrameworksBuildPhase section */
		7FECFF0F22FEB14F00FC3796 /* Frameworks */ = {
			isa = PBXFrameworksBuildPhase;
			buildActionMask = 2147483647;
			files = (
			);
			runOnlyForDeploymentPostprocessing = 0;
		};
		7FECFF2322FEB15000FC3796 /* Frameworks */ = {
			isa = PBXFrameworksBuildPhase;
			buildActionMask = 2147483647;
			files = (
			);
			runOnlyForDeploymentPostprocessing = 0;
		};
		7FECFF2E22FEB15000FC3796 /* Frameworks */ = {
			isa = PBXFrameworksBuildPhase;
			buildActionMask = 2147483647;
			files = (
			);
			runOnlyForDeploymentPostprocessing = 0;
		};
/* End PBXFrameworksBuildPhase section */

/* Begin PBXGroup section */
		7FECFF0922FEB14F00FC3796 = {
			isa = PBXGroup;
			children = (
				7FECFF1422FEB14F00FC3796 /* Curious Katie */,
				7FECFF2922FEB15000FC3796 /* Curious KatieTests */,
				7FECFF3422FEB15000FC3796 /* Curious KatieUITests */,
				7FECFF1322FEB14F00FC3796 /* Products */,
			);
			sourceTree = "<group>";
		};
		7FECFF1322FEB14F00FC3796 /* Products */ = {
			isa = PBXGroup;
			children = (
				7FECFF1222FEB14F00FC3796 /* Curious Katie.app */,
				7FECFF2622FEB15000FC3796 /* Curious KatieTests.xctest */,
				7FECFF3122FEB15000FC3796 /* Curious KatieUITests.xctest */,
			);
			name = Products;
			sourceTree = "<group>";
		};
		7FECFF1422FEB14F00FC3796 /* Curious Katie */ = {
			isa = PBXGroup;
			children = (
				7FECFF4A22FEB22C00FC3796 /* Model */,
				7FECFF4722FEB1F800FC3796 /* Utilities */,
				7FECFF4422FEB1CF00FC3796 /* Extensions */,
				7FECFF4322FEB1BB00FC3796 /* Controller */,
				7FECFF1522FEB14F00FC3796 /* AppDelegate.swift */,
				7FECFF1922FEB14F00FC3796 /* Main.storyboard */,
				7FECFF1C22FEB15000FC3796 /* Assets.xcassets */,
				7FECFF1E22FEB15000FC3796 /* LaunchScreen.storyboard */,
				7FECFF2122FEB15000FC3796 /* Info.plist */,
			);
			path = "Curious Katie";
			sourceTree = "<group>";
		};
		7FECFF2922FEB15000FC3796 /* Curious KatieTests */ = {
			isa = PBXGroup;
			children = (
				7FECFF2A22FEB15000FC3796 /* Curious_KatieTests.swift */,
				7FECFF2C22FEB15000FC3796 /* Info.plist */,
			);
			path = "Curious KatieTests";
			sourceTree = "<group>";
		};
		7FECFF3422FEB15000FC3796 /* Curious KatieUITests */ = {
			isa = PBXGroup;
			children = (
				7FECFF3522FEB15000FC3796 /* Curious_KatieUITests.swift */,
				7FECFF3722FEB15000FC3796 /* Info.plist */,
			);
			path = "Curious KatieUITests";
			sourceTree = "<group>";
		};
		7FECFF4322FEB1BB00FC3796 /* Controller */ = {
			isa = PBXGroup;
			children = (
				7FECFF1722FEB14F00FC3796 /* ViewController.swift */,
			);
			path = Controller;
			sourceTree = "<group>";
		};
		7FECFF4422FEB1CF00FC3796 /* Extensions */ = {
			isa = PBXGroup;
			children = (
				7FECFF4522FEB1F300FC3796 /* Extension.swift */,
			);
			path = Extensions;
			sourceTree = "<group>";
		};
		7FECFF4722FEB1F800FC3796 /* Utilities */ = {
			isa = PBXGroup;
			children = (
				7FECFF4822FEB21C00FC3796 /* Helper.swift */,
			);
			path = Utilities;
			sourceTree = "<group>";
		};
		7FECFF4A22FEB22C00FC3796 /* Model */ = {
			isa = PBXGroup;
			children = (
				7FECFF4B22FEB24A00FC3796 /* Hobby.swift */,
				7FECFF4D22FEB27500FC3796 /* Person.swift */,
			);
			path = Model;
			sourceTree = "<group>";
		};
/* End PBXGroup section */

/* Begin PBXNativeTarget section */
		7FECFF1122FEB14F00FC3796 /* Curious Katie */ = {
			isa = PBXNativeTarget;
			buildConfigurationList = 7FECFF3A22FEB15000FC3796 /* Build configuration list for PBXNativeTarget "Curious Katie" */;
			buildPhases = (
				7FECFF0E22FEB14F00FC3796 /* Sources */,
				7FECFF0F22FEB14F00FC3796 /* Frameworks */,
				7FECFF1022FEB14F00FC3796 /* Resources */,
			);
			buildRules = (
			);
			dependencies = (
			);
			name = "Curious Katie";
			productName = "Curious Katie";
			productReference = 7FECFF1222FEB14F00FC3796 /* Curious Katie.app */;
			productType = "com.apple.product-type.application";
		};
		7FECFF2522FEB15000FC3796 /* Curious KatieTests */ = {
			isa = PBXNativeTarget;
			buildConfigurationList = 7FECFF3D22FEB15000FC3796 /* Build configuration list for PBXNativeTarget "Curious KatieTests" */;
			buildPhases = (
				7FECFF2222FEB15000FC3796 /* Sources */,
				7FECFF2322FEB15000FC3796 /* Frameworks */,
				7FECFF2422FEB15000FC3796 /* Resources */,
			);
			buildRules = (
			);
			dependencies = (
				7FECFF2822FEB15000FC3796 /* PBXTargetDependency */,
			);
			name = "Curious KatieTests";
			productName = "Curious KatieTests";
			productReference = 7FECFF2622FEB15000FC3796 /* Curious KatieTests.xctest */;
			productType = "com.apple.product-type.bundle.unit-test";
		};
		7FECFF3022FEB15000FC3796 /* Curious KatieUITests */ = {
			isa = PBXNativeTarget;
			buildConfigurationList = 7FECFF4022FEB15000FC3796 /* Build configuration list for PBXNativeTarget "Curious KatieUITests" */;
			buildPhases = (
				7FECFF2D22FEB15000FC3796 /* Sources */,
				7FECFF2E22FEB15000FC3796 /* Frameworks */,
				7FECFF2F22FEB15000FC3796 /* Resources */,
			);
			buildRules = (
			);
			dependencies = (
				7FECFF3322FEB15000FC3796 /* PBXTargetDependency */,
			);
			name = "Curious KatieUITests";
			productName = "Curious KatieUITests";
			productReference = 7FECFF3122FEB15000FC3796 /* Curious KatieUITests.xctest */;
			productType = "com.apple.product-type.bundle.ui-testing";
		};
/* End PBXNativeTarget section */

/* Begin PBXProject section */
		7FECFF0A22FEB14F00FC3796 /* Project object */ = {
			isa = PBXProject;
			attributes = {
				LastSwiftUpdateCheck = 1030;
				LastUpgradeCheck = 1030;
				ORGANIZATIONNAME = "Am GHAZNAVI";
				TargetAttributes = {
					7FECFF1122FEB14F00FC3796 = {
						CreatedOnToolsVersion = 10.3;
					};
					7FECFF2522FEB15000FC3796 = {
						CreatedOnToolsVersion = 10.3;
						TestTargetID = 7FECFF1122FEB14F00FC3796;
					};
					7FECFF3022FEB15000FC3796 = {
						CreatedOnToolsVersion = 10.3;
						TestTargetID = 7FECFF1122FEB14F00FC3796;
					};
				};
			};
			buildConfigurationList = 7FECFF0D22FEB14F00FC3796 /* Build configuration list for PBXProject "Curious Katie" */;
			compatibilityVersion = "Xcode 9.3";
			developmentRegion = en;
			hasScannedForEncodings = 0;
			knownRegions = (
				en,
				Base,
			);
			mainGroup = 7FECFF0922FEB14F00FC3796;
			productRefGroup = 7FECFF1322FEB14F00FC3796 /* Products */;
			projectDirPath = "";
			projectRoot = "";
			targets = (
				7FECFF1122FEB14F00FC3796 /* Curious Katie */,
				7FECFF2522FEB15000FC3796 /* Curious KatieTests */,
				7FECFF3022FEB15000FC3796 /* Curious KatieUITests */,
			);
		};
/* End PBXProject section */

/* Begin PBXResourcesBuildPhase section */
		7FECFF1022FEB14F00FC3796 /* Resources */ = {
			isa = PBXResourcesBuildPhase;
			buildActionMask = 2147483647;
			files = (
				7FECFF2022FEB15000FC3796 /* LaunchScreen.storyboard in Resources */,
				7FECFF1D22FEB15000FC3796 /* Assets.xcassets in Resources */,
				7FECFF1B22FEB14F00FC3796 /* Main.storyboard in Resources */,
			);
			runOnlyForDeploymentPostprocessing = 0;
		};
		7FECFF2422FEB15000FC3796 /* Resources */ = {
			isa = PBXResourcesBuildPhase;
			buildActionMask = 2147483647;
			files = (
			);
			runOnlyForDeploymentPostprocessing = 0;
		};
		7FECFF2F22FEB15000FC3796 /* Resources */ = {
			isa = PBXResourcesBuildPhase;
			buildActionMask = 2147483647;
			files = (
			);
			runOnlyForDeploymentPostprocessing = 0;
		};
/* End PBXResourcesBuildPhase section */

/* Begin PBXSourcesBuildPhase section */
		7FECFF0E22FEB14F00FC3796 /* Sources */ = {
			isa = PBXSourcesBuildPhase;
			buildActionMask = 2147483647;
			files = (
				7FECFF4E22FEB27500FC3796 /* Person.swift in Sources */,
				7FECFF4622FEB1F300FC3796 /* Extension.swift in Sources */,
				7FECFF1822FEB14F00FC3796 /* ViewController.swift in Sources */,
				7FECFF1622FEB14F00FC3796 /* AppDelegate.swift in Sources */,
				7FECFF4922FEB21C00FC3796 /* Helper.swift in Sources */,
				7FECFF4C22FEB24A00FC3796 /* Hobby.swift in Sources */,
			);
			runOnlyForDeploymentPostprocessing = 0;
		};
		7FECFF2222FEB15000FC3796 /* Sources */ = {
			isa = PBXSourcesBuildPhase;
			buildActionMask = 2147483647;
			files = (
				7FECFF2B22FEB15000FC3796 /* Curious_KatieTests.swift in Sources */,
			);
			runOnlyForDeploymentPostprocessing = 0;
		};
		7FECFF2D22FEB15000FC3796 /* Sources */ = {
			isa = PBXSourcesBuildPhase;
			buildActionMask = 2147483647;
			files = (
				7FECFF3622FEB15000FC3796 /* Curious_KatieUITests.swift in Sources */,
			);
			runOnlyForDeploymentPostprocessing = 0;
		};
/* End PBXSourcesBuildPhase section */

/* Begin PBXTargetDependency section */
		7FECFF2822FEB15000FC3796 /* PBXTargetDependency */ = {
			isa = PBXTargetDependency;
			target = 7FECFF1122FEB14F00FC3796 /* Curious Katie */;
			targetProxy = 7FECFF2722FEB15000FC3796 /* PBXContainerItemProxy */;
		};
		7FECFF3322FEB15000FC3796 /* PBXTargetDependency */ = {
			isa = PBXTargetDependency;
			target = 7FECFF1122FEB14F00FC3796 /* Curious Katie */;
			targetProxy = 7FECFF3222FEB15000FC3796 /* PBXContainerItemProxy */;
		};
/* End PBXTargetDependency section */

/* Begin PBXVariantGroup section */
		7FECFF1922FEB14F00FC3796 /* Main.storyboard */ = {
			isa = PBXVariantGroup;
			children = (
				7FECFF1A22FEB14F00FC3796 /* Base */,
			);
			name = Main.storyboard;
			sourceTree = "<group>";
		};
		7FECFF1E22FEB15000FC3796 /* LaunchScreen.storyboard */ = {
			isa = PBXVariantGroup;
			children = (
				7FECFF1F22FEB15000FC3796 /* Base */,
			);
			name = LaunchScreen.storyboard;
			sourceTree = "<group>";
		};
/* End PBXVariantGroup section */

/* Begin XCBuildConfiguration section */
		7FECFF3822FEB15000FC3796 /* Debug */ = {
			isa = XCBuildConfiguration;
			buildSettings = {
				ALWAYS_SEARCH_USER_PATHS = NO;
				CLANG_ANALYZER_NONNULL = YES;
				CLANG_ANALYZER_NUMBER_OBJECT_CONVERSION = YES_AGGRESSIVE;
				CLANG_CXX_LANGUAGE_STANDARD = "gnu++14";
				CLANG_CXX_LIBRARY = "libc++";
				CLANG_ENABLE_MODULES = YES;
				CLANG_ENABLE_OBJC_ARC = YES;
				CLANG_ENABLE_OBJC_WEAK = YES;
				CLANG_WARN_BLOCK_CAPTURE_AUTORELEASING = YES;
				CLANG_WARN_BOOL_CONVERSION = YES;
				CLANG_WARN_COMMA = YES;
				CLANG_WARN_CONSTANT_CONVERSION = YES;
				CLANG_WARN_DEPRECATED_OBJC_IMPLEMENTATIONS = YES;
				CLANG_WARN_DIRECT_OBJC_ISA_USAGE = YES_ERROR;
				CLANG_WARN_DOCUMENTATION_COMMENTS = YES;
				CLANG_WARN_EMPTY_BODY = YES;
				CLANG_WARN_ENUM_CONVERSION = YES;
				CLANG_WARN_INFINITE_RECURSION = YES;
				CLANG_WARN_INT_CONVERSION = YES;
				CLANG_WARN_NON_LITERAL_NULL_CONVERSION = YES;
				CLANG_WARN_OBJC_IMPLICIT_RETAIN_SELF = YES;
				CLANG_WARN_OBJC_LITERAL_CONVERSION = YES;
				CLANG_WARN_OBJC_ROOT_CLASS = YES_ERROR;
				CLANG_WARN_RANGE_LOOP_ANALYSIS = YES;
				CLANG_WARN_STRICT_PROTOTYPES = YES;
				CLANG_WARN_SUSPICIOUS_MOVE = YES;
				CLANG_WARN_UNGUARDED_AVAILABILITY = YES_AGGRESSIVE;
				CLANG_WARN_UNREACHABLE_CODE = YES;
				CLANG_WARN__DUPLICATE_METHOD_MATCH = YES;
				CODE_SIGN_IDENTITY = "iPhone Developer";
				COPY_PHASE_STRIP = NO;
				DEBUG_INFORMATION_FORMAT = dwarf;
				ENABLE_STRICT_OBJC_MSGSEND = YES;
				ENABLE_TESTABILITY = YES;
				GCC_C_LANGUAGE_STANDARD = gnu11;
				GCC_DYNAMIC_NO_PIC = NO;
				GCC_NO_COMMON_BLOCKS = YES;
				GCC_OPTIMIZATION_LEVEL = 0;
				GCC_PREPROCESSOR_DEFINITIONS = (
					"DEBUG=1",
					"$(inherited)",
				);
				GCC_WARN_64_TO_32_BIT_CONVERSION = YES;
				GCC_WARN_ABOUT_RETURN_TYPE = YES_ERROR;
				GCC_WARN_UNDECLARED_SELECTOR = YES;
				GCC_WARN_UNINITIALIZED_AUTOS = YES_AGGRESSIVE;
				GCC_WARN_UNUSED_FUNCTION = YES;
				GCC_WARN_UNUSED_VARIABLE = YES;
				IPHONEOS_DEPLOYMENT_TARGET = 12.4;
				MTL_ENABLE_DEBUG_INFO = INCLUDE_SOURCE;
				MTL_FAST_MATH = YES;
				ONLY_ACTIVE_ARCH = YES;
				SDKROOT = iphoneos;
				SWIFT_ACTIVE_COMPILATION_CONDITIONS = DEBUG;
				SWIFT_OPTIMIZATION_LEVEL = "-Onone";
			};
			name = Debug;
		};
		7FECFF3922FEB15000FC3796 /* Release */ = {
			isa = XCBuildConfiguration;
			buildSettings = {
				ALWAYS_SEARCH_USER_PATHS = NO;
				CLANG_ANALYZER_NONNULL = YES;
				CLANG_ANALYZER_NUMBER_OBJECT_CONVERSION = YES_AGGRESSIVE;
				CLANG_CXX_LANGUAGE_STANDARD = "gnu++14";
				CLANG_CXX_LIBRARY = "libc++";
				CLANG_ENABLE_MODULES = YES;
				CLANG_ENABLE_OBJC_ARC = YES;
				CLANG_ENABLE_OBJC_WEAK = YES;
				CLANG_WARN_BLOCK_CAPTURE_AUTORELEASING = YES;
				CLANG_WARN_BOOL_CONVERSION = YES;
				CLANG_WARN_COMMA = YES;
				CLANG_WARN_CONSTANT_CONVERSION = YES;
				CLANG_WARN_DEPRECATED_OBJC_IMPLEMENTATIONS = YES;
				CLANG_WARN_DIRECT_OBJC_ISA_USAGE = YES_ERROR;
				CLANG_WARN_DOCUMENTATION_COMMENTS = YES;
				CLANG_WARN_EMPTY_BODY = YES;
				CLANG_WARN_ENUM_CONVERSION = YES;
				CLANG_WARN_INFINITE_RECURSION = YES;
				CLANG_WARN_INT_CONVERSION = YES;
				CLANG_WARN_NON_LITERAL_NULL_CONVERSION = YES;
				CLANG_WARN_OBJC_IMPLICIT_RETAIN_SELF = YES;
				CLANG_WARN_OBJC_LITERAL_CONVERSION = YES;
				CLANG_WARN_OBJC_ROOT_CLASS = YES_ERROR;
				CLANG_WARN_RANGE_LOOP_ANALYSIS = YES;
				CLANG_WARN_STRICT_PROTOTYPES = YES;
				CLANG_WARN_SUSPICIOUS_MOVE = YES;
				CLANG_WARN_UNGUARDED_AVAILABILITY = YES_AGGRESSIVE;
				CLANG_WARN_UNREACHABLE_CODE = YES;
				CLANG_WARN__DUPLICATE_METHOD_MATCH = YES;
				CODE_SIGN_IDENTITY = "iPhone Developer";
				COPY_PHASE_STRIP = NO;
				DEBUG_INFORMATION_FORMAT = "dwarf-with-dsym";
				ENABLE_NS_ASSERTIONS = NO;
				ENABLE_STRICT_OBJC_MSGSEND = YES;
				GCC_C_LANGUAGE_STANDARD = gnu11;
				GCC_NO_COMMON_BLOCKS = YES;
				GCC_WARN_64_TO_32_BIT_CONVERSION = YES;
				GCC_WARN_ABOUT_RETURN_TYPE = YES_ERROR;
				GCC_WARN_UNDECLARED_SELECTOR = YES;
				GCC_WARN_UNINITIALIZED_AUTOS = YES_AGGRESSIVE;
				GCC_WARN_UNUSED_FUNCTION = YES;
				GCC_WARN_UNUSED_VARIABLE = YES;
				IPHONEOS_DEPLOYMENT_TARGET = 12.4;
				MTL_ENABLE_DEBUG_INFO = NO;
				MTL_FAST_MATH = YES;
				SDKROOT = iphoneos;
				SWIFT_COMPILATION_MODE = wholemodule;
				SWIFT_OPTIMIZATION_LEVEL = "-O";
				VALIDATE_PRODUCT = YES;
			};
			name = Release;
		};
		7FECFF3B22FEB15000FC3796 /* Debug */ = {
			isa = XCBuildConfiguration;
			buildSettings = {
				ASSETCATALOG_COMPILER_APPICON_NAME = AppIcon;
				CODE_SIGN_STYLE = Automatic;
				DEVELOPMENT_TEAM = 8CB2UA3Q66;
				INFOPLIST_FILE = "Curious Katie/Info.plist";
				LD_RUNPATH_SEARCH_PATHS = (
					"$(inherited)",
					"@executable_path/Frameworks",
				);
				PRODUCT_BUNDLE_IDENTIFIER = "am.ghaznavi-outlook.com.Curious-Katie";
				PRODUCT_NAME = "$(TARGET_NAME)";
				SWIFT_VERSION = 5.0;
				TARGETED_DEVICE_FAMILY = "1,2";
			};
			name = Debug;
		};
		7FECFF3C22FEB15000FC3796 /* Release */ = {
			isa = XCBuildConfiguration;
			buildSettings = {
				ASSETCATALOG_COMPILER_APPICON_NAME = AppIcon;
				CODE_SIGN_STYLE = Automatic;
				DEVELOPMENT_TEAM = 8CB2UA3Q66;
				INFOPLIST_FILE = "Curious Katie/Info.plist";
				LD_RUNPATH_SEARCH_PATHS = (
					"$(inherited)",
					"@executable_path/Frameworks",
				);
				PRODUCT_BUNDLE_IDENTIFIER = "am.ghaznavi-outlook.com.Curious-Katie";
				PRODUCT_NAME = "$(TARGET_NAME)";
				SWIFT_VERSION = 5.0;
				TARGETED_DEVICE_FAMILY = "1,2";
			};
			name = Release;
		};
		7FECFF3E22FEB15000FC3796 /* Debug */ = {
			isa = XCBuildConfiguration;
			buildSettings = {
				ALWAYS_EMBED_SWIFT_STANDARD_LIBRARIES = YES;
				BUNDLE_LOADER = "$(TEST_HOST)";
				CODE_SIGN_STYLE = Automatic;
				DEVELOPMENT_TEAM = 8CB2UA3Q66;
				INFOPLIST_FILE = "Curious KatieTests/Info.plist";
				LD_RUNPATH_SEARCH_PATHS = (
					"$(inherited)",
					"@executable_path/Frameworks",
					"@loader_path/Frameworks",
				);
				PRODUCT_BUNDLE_IDENTIFIER = "AmG.Curious-KatieTests";
				PRODUCT_NAME = "$(TARGET_NAME)";
				SWIFT_VERSION = 5.0;
				TARGETED_DEVICE_FAMILY = "1,2";
				TEST_HOST = "$(BUILT_PRODUCTS_DIR)/Curious Katie.app/Curious Katie";
			};
			name = Debug;
		};
		7FECFF3F22FEB15000FC3796 /* Release */ = {
			isa = XCBuildConfiguration;
			buildSettings = {
				ALWAYS_EMBED_SWIFT_STANDARD_LIBRARIES = YES;
				BUNDLE_LOADER = "$(TEST_HOST)";
				CODE_SIGN_STYLE = Automatic;
				DEVELOPMENT_TEAM = 8CB2UA3Q66;
				INFOPLIST_FILE = "Curious KatieTests/Info.plist";
				LD_RUNPATH_SEARCH_PATHS = (
					"$(inherited)",
					"@executable_path/Frameworks",
					"@loader_path/Frameworks",
				);
				PRODUCT_BUNDLE_IDENTIFIER = "AmG.Curious-KatieTests";
				PRODUCT_NAME = "$(TARGET_NAME)";
				SWIFT_VERSION = 5.0;
				TARGETED_DEVICE_FAMILY = "1,2";
				TEST_HOST = "$(BUILT_PRODUCTS_DIR)/Curious Katie.app/Curious Katie";
			};
			name = Release;
		};
		7FECFF4122FEB15000FC3796 /* Debug */ = {
			isa = XCBuildConfiguration;
			buildSettings = {
				ALWAYS_EMBED_SWIFT_STANDARD_LIBRARIES = YES;
				CODE_SIGN_STYLE = Automatic;
				DEVELOPMENT_TEAM = 8CB2UA3Q66;
				INFOPLIST_FILE = "Curious KatieUITests/Info.plist";
				LD_RUNPATH_SEARCH_PATHS = (
					"$(inherited)",
					"@executable_path/Frameworks",
					"@loader_path/Frameworks",
				);
				PRODUCT_BUNDLE_IDENTIFIER = "AmG.Curious-KatieUITests";
				PRODUCT_NAME = "$(TARGET_NAME)";
				SWIFT_VERSION = 5.0;
				TARGETED_DEVICE_FAMILY = "1,2";
				TEST_TARGET_NAME = "Curious Katie";
			};
			name = Debug;
		};
		7FECFF4222FEB15000FC3796 /* Release */ = {
			isa = XCBuildConfiguration;
			buildSettings = {
				ALWAYS_EMBED_SWIFT_STANDARD_LIBRARIES = YES;
				CODE_SIGN_STYLE = Automatic;
				DEVELOPMENT_TEAM = 8CB2UA3Q66;
				INFOPLIST_FILE = "Curious KatieUITests/Info.plist";
				LD_RUNPATH_SEARCH_PATHS = (
					"$(inherited)",
					"@executable_path/Frameworks",
					"@loader_path/Frameworks",
				);
				PRODUCT_BUNDLE_IDENTIFIER = "AmG.Curious-KatieUITests";
				PRODUCT_NAME = "$(TARGET_NAME)";
				SWIFT_VERSION = 5.0;
				TARGETED_DEVICE_FAMILY = "1,2";
				TEST_TARGET_NAME = "Curious Katie";
			};
			name = Release;
		};
/* End XCBuildConfiguration section */

/* Begin XCConfigurationList section */
		7FECFF0D22FEB14F00FC3796 /* Build configuration list for PBXProject "Curious Katie" */ = {
			isa = XCConfigurationList;
			buildConfigurations = (
				7FECFF3822FEB15000FC3796 /* Debug */,
				7FECFF3922FEB15000FC3796 /* Release */,
			);
			defaultConfigurationIsVisible = 0;
			defaultConfigurationName = Release;
		};
		7FECFF3A22FEB15000FC3796 /* Build configuration list for PBXNativeTarget "Curious Katie" */ = {
			isa = XCConfigurationList;
			buildConfigurations = (
				7FECFF3B22FEB15000FC3796 /* Debug */,
				7FECFF3C22FEB15000FC3796 /* Release */,
			);
			defaultConfigurationIsVisible = 0;
			defaultConfigurationName = Release;
		};
		7FECFF3D22FEB15000FC3796 /* Build configuration list for PBXNativeTarget "Curious KatieTests" */ = {
			isa = XCConfigurationList;
			buildConfigurations = (
				7FECFF3E22FEB15000FC3796 /* Debug */,
				7FECFF3F22FEB15000FC3796 /* Release */,
			);
			defaultConfigurationIsVisible = 0;
			defaultConfigurationName = Release;
		};
		7FECFF4022FEB15000FC3796 /* Build configuration list for PBXNativeTarget "Curious KatieUITests" */ = {
			isa = XCConfigurationList;
			buildConfigurations = (
				7FECFF4122FEB15000FC3796 /* Debug */,
				7FECFF4222FEB15000FC3796 /* Release */,
			);
			defaultConfigurationIsVisible = 0;
			defaultConfigurationName = Release;
		};
/* End XCConfigurationList section */
	};
	rootObject = 7FECFF0A22FEB14F00FC3796 /* Project object */;
}
